Microsoft Visual Studio Solution File, Format Version 12.00
# Visual Studio Version 17
VisualStudioVersion = 17.5.2.0
MinimumVisualStudioVersion = 10.0.40219.1
Project("{FAE04EC0-301F-11D3-BF4B-00C04F79EFBC}") = "DracarysAPI", "DracarysAPI\DracarysAPI.csproj", "{97FD15FF-1DB5-20A1-8CAB-A64925CB5CB0}"
EndProject
Global
	GlobalSection(SolutionConfigurationPlatforms) = preSolution
		Debug|Any CPU = Debug|Any CPU
		Release|Any CPU = Release|Any CPU
	EndGlobalSection
	GlobalSection(ProjectConfigurationPlatforms) = postSolution
		{97FD15FF-1DB5-20A1-8CAB-A64925CB5CB0}.Debug|Any CPU.ActiveCfg = Debug|Any CPU
		{97FD15FF-1DB5-20A1-8CAB-A64925CB5CB0}.Debug|Any CPU.Build.0 = Debug|Any CPU
		{97FD15FF-1DB5-20A1-8CAB-A64925CB5CB0}.Release|Any CPU.ActiveCfg = Release|Any CPU
		{97FD15FF-1DB5-20A1-8CAB-A64925CB5CB0}.Release|Any CPU.Build.0 = Release|Any CPU
	EndGlobalSection
	GlobalSection(SolutionProperties) = preSolution
		HideSolutionNode = FALSE
	EndGlobalSection
	GlobalSection(ExtensibilityGlobals) = postSolution
		SolutionGuid = {BF6C90C6-8E12-4348-8609-A884D572ACD1}
	EndGlobalSection
EndGlobal
